
Microsoft Visual Studio Solution File, Format Version 12.00
# Visual Studio 15
VisualStudioVersion = 15.0.26430.12
MinimumVisualStudioVersion = 10.0.40219.1
Project("{FAE04EC0-301F-11D3-BF4B-00C04F79EFBC}") = "IRSI.Accounting", "IRSI.Accounting\IRSI.Accounting.csproj", "{9816AB62-8E13-476A-99FF-D69A69D26739}"
EndProject
Project("{2150E333-8FDC-42A3-9474-1A3956D46DE8}") = "Data", "Data", "{07F981B8-1448-429D-B903-3218C1011B7C}"
EndProject
Project("{2150E333-8FDC-42A3-9474-1A3956D46DE8}") = "Modules", "Modules", "{4281D562-645D-4231-BD48-33CF0D4B2AE1}"
EndProject
Global
	GlobalSection(SolutionConfigurationPlatforms) = preSolution
		Debug|Any CPU = Debug|Any CPU
		Release|Any CPU = Release|Any CPU
	EndGlobalSection
	GlobalSection(ProjectConfigurationPlatforms) = postSolution
		{9816AB62-8E13-476A-99FF-D69A69D26739}.Debug|Any CPU.ActiveCfg = Debug|Any CPU
		{9816AB62-8E13-476A-99FF-D69A69D26739}.Debug|Any CPU.Build.0 = Debug|Any CPU
		{9816AB62-8E13-476A-99FF-D69A69D26739}.Release|Any CPU.ActiveCfg = Release|Any CPU
		{9816AB62-8E13-476A-99FF-D69A69D26739}.Release|Any CPU.Build.0 = Release|Any CPU
	EndGlobalSection
	GlobalSection(SolutionProperties) = preSolution
		HideSolutionNode = FALSE
	EndGlobalSection
EndGlobal
